
Microsoft Visual Studio Solution File, Format Version 12.00
# Visual Studio Version 17
VisualStudioVersion = 17.7.34202.233
MinimumVisualStudioVersion = 10.0.40219.1
Project("{FAE04EC0-301F-11D3-BF4B-00C04F79EFBC}") = "FlightCentreTTest", "FlightCentreTTest\FlightCentreTTest.csproj", "{879862CA-4374-4F76-BFCF-1F680E50DC63}"
EndProject
Global
	GlobalSection(SolutionConfigurationPlatforms) = preSolution
		Debug|Any CPU = Debug|Any CPU
		Release|Any CPU = Release|Any CPU
	EndGlobalSection
	GlobalSection(ProjectConfigurationPlatforms) = postSolution
		{879862CA-4374-4F76-BFCF-1F680E50DC63}.Debug|Any CPU.ActiveCfg = Debug|Any CPU
		{879862CA-4374-4F76-BFCF-1F680E50DC63}.Debug|Any CPU.Build.0 = Debug|Any CPU
		{879862CA-4374-4F76-BFCF-1F680E50DC63}.Release|Any CPU.ActiveCfg = Release|Any CPU
		{879862CA-4374-4F76-BFCF-1F680E50DC63}.Release|Any CPU.Build.0 = Release|Any CPU
	EndGlobalSection
	GlobalSection(SolutionProperties) = preSolution
		HideSolutionNode = FALSE
	EndGlobalSection
	GlobalSection(ExtensibilityGlobals) = postSolution
		SolutionGuid = {623C9BD2-8D98-4AAF-B06D-F06503C31881}
	EndGlobalSection
EndGlobal
